
Microsoft Visual Studio Solution File, Format Version 12.00
# Visual Studio Version 17
VisualStudioVersion = 17.11.35208.52
MinimumVisualStudioVersion = 10.0.40219.1
Project("{9A19103F-16F7-4668-BE54-9A1E7A4F7556}") = "SQS.Fornecedor", "SQS.Fornecedor\SQS.Fornecedor.csproj", "{F3CA8799-B813-4875-986E-05A69940E8F1}"
EndProject
Project("{9A19103F-16F7-4668-BE54-9A1E7A4F7556}") = "SQS.Consumidor", "SQS.Consumidor\SQS.Consumidor.csproj", "{219E979C-A6C2-4251-83A2-62EDCB080D1A}"
EndProject
Project("{9A19103F-16F7-4668-BE54-9A1E7A4F7556}") = "Cadastrador", "Cadastrador\Cadastrador.csproj", "{1CE0CBF9-7D41-464F-A28F-A21661E3B343}"
EndProject
Project("{FAE04EC0-301F-11D3-BF4B-00C04F79EFBC}") = "Compartilhado", "Compartilhado\Compartilhado.csproj", "{1F60EA72-26D7-4E50-B4E8-340A76C7DFD2}"
EndProject
Global
	GlobalSection(SolutionConfigurationPlatforms) = preSolution
		Debug|Any CPU = Debug|Any CPU
		Release|Any CPU = Release|Any CPU
	EndGlobalSection
	GlobalSection(ProjectConfigurationPlatforms) = postSolution
		{F3CA8799-B813-4875-986E-05A69940E8F1}.Debug|Any CPU.ActiveCfg = Debug|Any CPU
		{F3CA8799-B813-4875-986E-05A69940E8F1}.Debug|Any CPU.Build.0 = Debug|Any CPU
		{F3CA8799-B813-4875-986E-05A69940E8F1}.Release|Any CPU.ActiveCfg = Release|Any CPU
		{F3CA8799-B813-4875-986E-05A69940E8F1}.Release|Any CPU.Build.0 = Release|Any CPU
		{219E979C-A6C2-4251-83A2-62EDCB080D1A}.Debug|Any CPU.ActiveCfg = Debug|Any CPU
		{219E979C-A6C2-4251-83A2-62EDCB080D1A}.Debug|Any CPU.Build.0 = Debug|Any CPU
		{219E979C-A6C2-4251-83A2-62EDCB080D1A}.Release|Any CPU.ActiveCfg = Release|Any CPU
		{219E979C-A6C2-4251-83A2-62EDCB080D1A}.Release|Any CPU.Build.0 = Release|Any CPU
		{1CE0CBF9-7D41-464F-A28F-A21661E3B343}.Debug|Any CPU.ActiveCfg = Debug|Any CPU
		{1CE0CBF9-7D41-464F-A28F-A21661E3B343}.Debug|Any CPU.Build.0 = Debug|Any CPU
		{1CE0CBF9-7D41-464F-A28F-A21661E3B343}.Release|Any CPU.ActiveCfg = Release|Any CPU
		{1CE0CBF9-7D41-464F-A28F-A21661E3B343}.Release|Any CPU.Build.0 = Release|Any CPU
		{1F60EA72-26D7-4E50-B4E8-340A76C7DFD2}.Debug|Any CPU.ActiveCfg = Debug|Any CPU
		{1F60EA72-26D7-4E50-B4E8-340A76C7DFD2}.Debug|Any CPU.Build.0 = Debug|Any CPU
		{1F60EA72-26D7-4E50-B4E8-340A76C7DFD2}.Release|Any CPU.ActiveCfg = Release|Any CPU
		{1F60EA72-26D7-4E50-B4E8-340A76C7DFD2}.Release|Any CPU.Build.0 = Release|Any CPU
	EndGlobalSection
	GlobalSection(SolutionProperties) = preSolution
		HideSolutionNode = FALSE
	EndGlobalSection
	GlobalSection(ExtensibilityGlobals) = postSolution
		SolutionGuid = {EEA2F5EE-9433-4BE7-BFB8-1E1F31BF062C}
	EndGlobalSection
EndGlobal
